// !$*UTF8*$!
{
	archiveVersion = 1;
	classes = {
	};
	objectVersion = 100;
	objects = {

/* Begin PBXBuildFile section */
		010FB64E2FEBA0640056ECE0 /* IP Inbound Watch.app in Embed Watch Content */ = {isa = PBXBuildFile; fileRef = 010FB62E2FEBA0610056ECE0 /* IP Inbound Watch.app */; settings = {ATTRIBUTES = (RemoveHeadersOnCopy, ); }; };
		011479ED2F779D5F003AEBCC /* SwiftGeographic in Frameworks */ = {isa = PBXBuildFile; productRef = 011479EC2F779D5F003AEBCC /* SwiftGeographic */; };
		0159221F2FCA2B28007FB6BB /* XCUITestKit in Frameworks */ = {isa = PBXBuildFile; productRef = 0159221E2FCA2B28007FB6BB /* XCUITestKit */; };
		0166FA742DCA685800970EFD /* DefaultsMacros in Frameworks */ = {isa = PBXBuildFile; productRef = 0166FA732DCA685800970EFD /* DefaultsMacros */; };
		016F3ED22DD4F1E1006EEC6D /* Numerics in Frameworks */ = {isa = PBXBuildFile; productRef = 016F3ED12DD4F1E1006EEC6D /* Numerics */; };
		0172C0752FEC82A50034B332 /* WidgetKit.framework in Frameworks */ = {isa = PBXBuildFile; fileRef = 0172C0742FEC82A50034B332 /* WidgetKit.framework */; };
		0172C0772FEC82A50034B332 /* SwiftUI.framework in Frameworks */ = {isa = PBXBuildFile; fileRef = 0172C0762FEC82A50034B332 /* SwiftUI.framework */; };
		0172C0842FEC82A60034B332 /* Live ActivityExtension.appex in Embed Foundation Extensions */ = {isa = PBXBuildFile; fileRef = 0172C0732FEC82A50034B332 /* Live ActivityExtension.appex */; settings = {ATTRIBUTES = (RemoveHeadersOnCopy, ); }; };
		01C059A72DBF49C600D733C1 /* AsyncAlgorithms in Frameworks */ = {isa = PBXBuildFile; productRef = 01C059A62DBF49C600D733C1 /* AsyncAlgorithms */; };
		01EB04182FCA2D0B007C3D1E /* XCUITestKit in Frameworks */ = {isa = PBXBuildFile; productRef = 01EB04172FCA2D0B007C3D1E /* XCUITestKit */; };
		01ECF4F32CF3E2F800BD0604 /* Defaults in Frameworks */ = {isa = PBXBuildFile; productRef = 01ECF4F22CF3E2F800BD0604 /* Defaults */; };
		01F13CF52DBEE074000E58A2 /* NIO in Frameworks */ = {isa = PBXBuildFile; productRef = 01F13CF42DBEE074000E58A2 /* NIO */; };
		01F13CF72DBEE074000E58A2 /* NIOPosix in Frameworks */ = {isa = PBXBuildFile; productRef = 01F13CF62DBEE074000E58A2 /* NIOPosix */; };
		01F13CFE2DBEE65B000E58A2 /* Logging in Frameworks */ = {isa = PBXBuildFile; productRef = 01F13CFD2DBEE65B000E58A2 /* Logging */; };
		11FF78DBCBBC60FA9B3AE087 /* MeasurementKitLocation in Frameworks */ = {isa = PBXBuildFile; productRef = 767F98DBE5020FE2C1A1D4F6 /* MeasurementKitLocation */; };
		1850B2B634F254E6D441D0C7 /* MeasurementKit in Frameworks */ = {isa = PBXBuildFile; productRef = C39CDA7F653FF59E91757A29 /* MeasurementKit */; };
		0A3F5C1E7B24D9E60F81AC35 /* MeasurementKitUI in Frameworks */ = {isa = PBXBuildFile; productRef = 0A3F5C1E7B24D9E60F81AC36 /* MeasurementKitUI */; };
		33F711A51A154974B88B5DA7 /* MeasurementKitLocation in Frameworks */ = {isa = PBXBuildFile; productRef = 82B3BDDD1791A1F0A898CD40 /* MeasurementKitLocation */; };
		4D2A3EAF7F6461F1F5D12E4D /* MeasurementKit in Frameworks */ = {isa = PBXBuildFile; productRef = 4538DB955AE06783DA1D19CB /* MeasurementKit */; };
		6B2BC84D01DF41E8847B6899 /* Sentry in Frameworks */ = {isa = PBXBuildFile; productRef = 4E66068E9AFD4993959FE327 /* Sentry */; };
		8416DECA39F31478DDFB0BE0 /* MeasurementKit in Frameworks */ = {isa = PBXBuildFile; productRef = 52D2C667A9D8E475E50E4108 /* MeasurementKit */; };
		A467258E809782A9762210EC /* MeasurementKit in Frameworks */ = {isa = PBXBuildFile; productRef = 0FB064D238D0BF11C58B07F0 /* MeasurementKit */; };
		E6A4F09A58AE2518B10F5CE0 /* MeasurementKit in Frameworks */ = {isa = PBXBuildFile; productRef = B83449F701954CD31C4C6218 /* MeasurementKit */; };
		F5C0FFB0CACD3560610BA5C3 /* MeasurementKitLocation in Frameworks */ = {isa = PBXBuildFile; productRef = 47E80E982AE1E94EDDDA1BC7 /* MeasurementKitLocation */; };
		FDF872692C630A40B99B510D /* MeasurementKitLocation in Frameworks */ = {isa = PBXBuildFile; productRef = 8EC548C52BD942411AA402B6 /* MeasurementKitLocation */; };
/* End PBXBuildFile section */

/* Begin PBXContainerItemProxy section */
		010FB63B2FEBA0630056ECE0 /* PBXContainerItemProxy */ = {
			isa = PBXContainerItemProxy;
			containerPortal = 01ECF4AE2CF3DF0D00BD0604 /* Project object */;
			proxyType = 1;
			remoteGlobalIDString = 010FB62D2FEBA0610056ECE0;
			remoteInfo = "IP Inbound Watch Watch App";
		};
		010FB6452FEBA0630056ECE0 /* PBXContainerItemProxy */ = {
			isa = PBXContainerItemProxy;
			containerPortal = 01ECF4AE2CF3DF0D00BD0604 /* Project object */;
			proxyType = 1;
			remoteGlobalIDString = 010FB62D2FEBA0610056ECE0;
			remoteInfo = "IP Inbound Watch Watch App";
		};
		010FB64C2FEBA0640056ECE0 /* PBXContainerItemProxy */ = {
			isa = PBXContainerItemProxy;
			containerPortal = 01ECF4AE2CF3DF0D00BD0604 /* Project object */;
			proxyType = 1;
			remoteGlobalIDString = 010FB62D2FEBA0610056ECE0;
			remoteInfo = "IP Inbound Watch Watch App";
		};
		016F3C212DC08E7A00F2A1AE /* PBXContainerItemProxy */ = {
			isa = PBXContainerItemProxy;
			containerPortal = 01ECF4AE2CF3DF0D00BD0604 /* Project object */;
			proxyType = 1;
			remoteGlobalIDString = 01ECF4B52CF3DF0D00BD0604;
			remoteInfo = "IP Inbound";
		};
		0172C0822FEC82A60034B332 /* PBXContainerItemProxy */ = {
			isa = PBXContainerItemProxy;
			containerPortal = 01ECF4AE2CF3DF0D00BD0604 /* Project object */;
			proxyType = 1;
			remoteGlobalIDString = 0172C0722FEC82A50034B332;
			remoteInfo = "Live ActivityExtension";
		};
		01ECF4C72CF3DF0F00BD0604 /* PBXContainerItemProxy */ = {
			isa = PBXContainerItemProxy;
			containerPortal = 01ECF4AE2CF3DF0D00BD0604 /* Project object */;
			proxyType = 1;
			remoteGlobalIDString = 01ECF4B52CF3DF0D00BD0604;
			remoteInfo = "IP Inbound";
		};
		01ECF4D12CF3DF0F00BD0604 /* PBXContainerItemProxy */ = {
			isa = PBXContainerItemProxy;
			containerPortal = 01ECF4AE2CF3DF0D00BD0604 /* Project object */;
			proxyType = 1;
			remoteGlobalIDString = 01ECF4B52CF3DF0D00BD0604;
			remoteInfo = "IP Inbound";
		};
/* End PBXContainerItemProxy section */

/* Begin PBXCopyFilesBuildPhase section */
		010FB6522FEBA0640056ECE0 /* Embed Watch Content */ = {
			isa = PBXCopyFilesBuildPhase;
			dstPath = "$(CONTENTS_FOLDER_PATH)/Watch";
			dstSubfolder = Product;
			files = (
				010FB64E2FEBA0640056ECE0 /* IP Inbound Watch.app in Embed Watch Content */,
			);
			name = "Embed Watch Content";
		};
		0172C0852FEC82A60034B332 /* Embed Foundation Extensions */ = {
			isa = PBXCopyFilesBuildPhase;
			dstPath = "";
			dstSubfolder = PlugIns;
			files = (
				0172C0842FEC82A60034B332 /* Live ActivityExtension.appex in Embed Foundation Extensions */,
			);
			name = "Embed Foundation Extensions";
		};
/* End PBXCopyFilesBuildPhase section */

/* Begin PBXFileReference section */
		010FB62E2FEBA0610056ECE0 /* IP Inbound Watch.app */ = {isa = PBXFileReference; explicitFileType = wrapper.application; includeInIndex = 0; path = "IP Inbound Watch.app"; sourceTree = BUILT_PRODUCTS_DIR; };
		010FB63A2FEBA0630056ECE0 /* IP Inbound Watch Watch AppTests.xctest */ = {isa = PBXFileReference; explicitFileType = wrapper.cfbundle; includeInIndex = 0; path = "IP Inbound Watch Watch AppTests.xctest"; sourceTree = BUILT_PRODUCTS_DIR; };
		010FB6442FEBA0630056ECE0 /* IP Inbound Watch Watch AppUITests.xctest */ = {isa = PBXFileReference; explicitFileType = wrapper.cfbundle; includeInIndex = 0; path = "IP Inbound Watch Watch AppUITests.xctest"; sourceTree = BUILT_PRODUCTS_DIR; };
		01497EEC2DDC473400963D93 /* ci_post_clone.sh */ = {isa = PBXFileReference; lastKnownFileType = text.script.sh; path = ci_post_clone.sh; sourceTree = "<group>"; };
		016F3C1B2DC08E7A00F2A1AE /* Generate Screenshots.xctest */ = {isa = PBXFileReference; explicitFileType = wrapper.cfbundle; includeInIndex = 0; path = "Generate Screenshots.xctest"; sourceTree = BUILT_PRODUCTS_DIR; };
		0172C0732FEC82A50034B332 /* Live ActivityExtension.appex */ = {isa = PBXFileReference; explicitFileType = "wrapper.app-extension"; includeInIndex = 0; path = "Live ActivityExtension.appex"; sourceTree = BUILT_PRODUCTS_DIR; };
		0172C0742FEC82A50034B332 /* WidgetKit.framework */ = {isa = PBXFileReference; lastKnownFileType = wrapper.framework; name = WidgetKit.framework; path = System/Library/Frameworks/WidgetKit.framework; sourceTree = SDKROOT; };
		0172C0762FEC82A50034B332 /* SwiftUI.framework */ = {isa = PBXFileReference; lastKnownFileType = wrapper.framework; name = SwiftUI.framework; path = System/Library/Frameworks/SwiftUI.framework; sourceTree = SDKROOT; };
		01ECF4B62CF3DF0D00BD0604 /* IP Inbound.app */ = {isa = PBXFileReference; explicitFileType = wrapper.application; includeInIndex = 0; path = "IP Inbound.app"; sourceTree = BUILT_PRODUCTS_DIR; };
		01ECF4C62CF3DF0F00BD0604 /* IP InboundTests.xctest */ = {isa = PBXFileReference; explicitFileType = wrapper.cfbundle; includeInIndex = 0; path = "IP InboundTests.xctest"; sourceTree = BUILT_PRODUCTS_DIR; };
		01ECF4D02CF3DF0F00BD0604 /* IP InboundUITests.xctest */ = {isa = PBXFileReference; explicitFileType = wrapper.cfbundle; includeInIndex = 0; path = "IP InboundUITests.xctest"; sourceTree = BUILT_PRODUCTS_DIR; };
/* End PBXFileReference section */

/* Begin PBXFileSystemSynchronizedBuildFileExceptionSet section */
		0123BC7F2F67F35400FF7A8E /* Exceptions for "IP InboundTests" folder in "IP InboundTests" target */ = {
			isa = PBXFileSystemSynchronizedBuildFileExceptionSet;
			membershipExceptions = (
				"Unit Tests.xctestplan",
			);
			target = 01ECF4C52CF3DF0F00BD0604 /* IP InboundTests */;
		};
		0123BC802F67F35700FF7A8E /* Exceptions for "IP InboundUITests" folder in "IP InboundUITests" target */ = {
			isa = PBXFileSystemSynchronizedBuildFileExceptionSet;
			membershipExceptions = (
				"UI Tests.xctestplan",
			);
			target = 01ECF4CF2CF3DF0F00BD0604 /* IP InboundUITests */;
		};
		0140E8822FEDC27B0030CF68 /* Exceptions for "IP Inbound" folder in "Live ActivityExtension" target */ = {
			isa = PBXFileSystemSynchronizedBuildFileExceptionSet;
			membershipExceptions = (
				Helpers/TOTActivityAttributes.swift,
			);
			target = 0172C0722FEC82A50034B332 /* Live ActivityExtension */;
		};
		0172C0892FEC82A60034B332 /* Exceptions for "Live Activity" folder in "Live ActivityExtension" target */ = {
			isa = PBXFileSystemSynchronizedBuildFileExceptionSet;
			membershipExceptions = (
				Info.plist,
			);
			target = 0172C0722FEC82A50034B332 /* Live ActivityExtension */;
		};
/* End PBXFileSystemSynchronizedBuildFileExceptionSet section */

/* Begin PBXFileSystemSynchronizedRootGroup section */
		010FB62F2FEBA0610056ECE0 /* IP Inbound Watch */ = {
			isa = PBXFileSystemSynchronizedRootGroup;
			path = "IP Inbound Watch";
			sourceTree = "<group>";
		};
		010FB63D2FEBA0630056ECE0 /* IP Inbound Watch Tests */ = {
			isa = PBXFileSystemSynchronizedRootGroup;
			path = "IP Inbound Watch Tests";
			sourceTree = "<group>";
		};
		010FB6472FEBA0630056ECE0 /* IP Inbound Watch Watch UITests */ = {
			isa = PBXFileSystemSynchronizedRootGroup;
			path = "IP Inbound Watch Watch UITests";
			sourceTree = "<group>";
		};
		016F3C1C2DC08E7A00F2A1AE /* Generate Screenshots */ = {
			isa = PBXFileSystemSynchronizedRootGroup;
			path = "Generate Screenshots";
			sourceTree = "<group>";
		};
		0172C0782FEC82A50034B332 /* Live Activity */ = {
			isa = PBXFileSystemSynchronizedRootGroup;
			exceptions = (
				0172C0892FEC82A60034B332 /* Exceptions for "Live Activity" folder in "Live ActivityExtension" target */,
			);
			path = "Live Activity";
			sourceTree = "<group>";
		};
		01DA7A5E2FEBA0610056ECE0 /* IP Inbound Shared */ = {
			isa = PBXFileSystemSynchronizedRootGroup;
			path = "IP Inbound Shared";
			sourceTree = "<group>";
		};
		01ECF4B82CF3DF0D00BD0604 /* IP Inbound */ = {
			isa = PBXFileSystemSynchronizedRootGroup;
			exceptions = (
				0140E8822FEDC27B0030CF68 /* Exceptions for "IP Inbound" folder in "Live ActivityExtension" target */,
			);
			path = "IP Inbound";
			sourceTree = "<group>";
		};
		01ECF4C92CF3DF0F00BD0604 /* IP InboundTests */ = {
			isa = PBXFileSystemSynchronizedRootGroup;
			exceptions = (
				0123BC7F2F67F35400FF7A8E /* Exceptions for "IP InboundTests" folder in "IP InboundTests" target */,
			);
			path = "IP InboundTests";
			sourceTree = "<group>";
		};
		01ECF4D32CF3DF0F00BD0604 /* IP InboundUITests */ = {
			isa = PBXFileSystemSynchronizedRootGroup;
			exceptions = (
				0123BC802F67F35700FF7A8E /* Exceptions for "IP InboundUITests" folder in "IP InboundUITests" target */,
			);
			path = "IP InboundUITests";
			sourceTree = "<group>";
		};
/* End PBXFileSystemSynchronizedRootGroup section */

/* Begin PBXFrameworksBuildPhase section */
		010FB62B2FEBA0610056ECE0 /* Frameworks */ = {
			isa = PBXFrameworksBuildPhase;
			files = (
				E6A4F09A58AE2518B10F5CE0 /* MeasurementKit in Frameworks */,
				FDF872692C630A40B99B510D /* MeasurementKitLocation in Frameworks */,
			);
		};
		010FB6372FEBA0630056ECE0 /* Frameworks */ = {
			isa = PBXFrameworksBuildPhase;
			files = (
				8416DECA39F31478DDFB0BE0 /* MeasurementKit in Frameworks */,
				11FF78DBCBBC60FA9B3AE087 /* MeasurementKitLocation in Frameworks */,
			);
		};
		010FB6412FEBA0630056ECE0 /* Frameworks */ = {
			isa = PBXFrameworksBuildPhase;
			files = (
			);
		};
		016F3C182DC08E7A00F2A1AE /* Frameworks */ = {
			isa = PBXFrameworksBuildPhase;
			files = (
				01EB04182FCA2D0B007C3D1E /* XCUITestKit in Frameworks */,
			);
		};
		0172C0702FEC82A50034B332 /* Frameworks */ = {
			isa = PBXFrameworksBuildPhase;
			files = (
				0172C0772FEC82A50034B332 /* SwiftUI.framework in Frameworks */,
				0172C0752FEC82A50034B332 /* WidgetKit.framework in Frameworks */,
				4D2A3EAF7F6461F1F5D12E4D /* MeasurementKit in Frameworks */,
			);
		};
		01ECF4B32CF3DF0D00BD0604 /* Frameworks */ = {
			isa = PBXFrameworksBuildPhase;
			files = (
				0166FA742DCA685800970EFD /* DefaultsMacros in Frameworks */,
				01F13CFE2DBEE65B000E58A2 /* Logging in Frameworks */,
				01F13CF72DBEE074000E58A2 /* NIOPosix in Frameworks */,
				01ECF4F32CF3E2F800BD0604 /* Defaults in Frameworks */,
				01F13CF52DBEE074000E58A2 /* NIO in Frameworks */,
				011479ED2F779D5F003AEBCC /* SwiftGeographic in Frameworks */,
				01C059A72DBF49C600D733C1 /* AsyncAlgorithms in Frameworks */,
				6B2BC84D01DF41E8847B6899 /* Sentry in Frameworks */,
				A467258E809782A9762210EC /* MeasurementKit in Frameworks */,
				33F711A51A154974B88B5DA7 /* MeasurementKitLocation in Frameworks */,
				0A3F5C1E7B24D9E60F81AC35 /* MeasurementKitUI in Frameworks */,
			);
		};
		01ECF4C32CF3DF0F00BD0604 /* Frameworks */ = {
			isa = PBXFrameworksBuildPhase;
			files = (
				016F3ED22DD4F1E1006EEC6D /* Numerics in Frameworks */,
				1850B2B634F254E6D441D0C7 /* MeasurementKit in Frameworks */,
				F5C0FFB0CACD3560610BA5C3 /* MeasurementKitLocation in Frameworks */,
			);
		};
		01ECF4CD2CF3DF0F00BD0604 /* Frameworks */ = {
			isa = PBXFrameworksBuildPhase;
			files = (
				0159221F2FCA2B28007FB6BB /* XCUITestKit in Frameworks */,
			);
		};
/* End PBXFrameworksBuildPhase section */

/* Begin PBXGroup section */
		01497EED2DDC473400963D93 /* ci_scripts */ = {
			isa = PBXGroup;
			children = (
				01497EEC2DDC473400963D93 /* ci_post_clone.sh */,
			);
			path = ci_scripts;
			sourceTree = "<group>";
		};
		01ECF4AD2CF3DF0D00BD0604 = {
			isa = PBXGroup;
			children = (
				01497EED2DDC473400963D93 /* ci_scripts */,
				01DA7A5E2FEBA0610056ECE0 /* IP Inbound Shared */,
				01ECF4B82CF3DF0D00BD0604 /* IP Inbound */,
				01ECF4C92CF3DF0F00BD0604 /* IP InboundTests */,
				01ECF4D32CF3DF0F00BD0604 /* IP InboundUITests */,
				016F3C1C2DC08E7A00F2A1AE /* Generate Screenshots */,
				010FB62F2FEBA0610056ECE0 /* IP Inbound Watch */,
				010FB63D2FEBA0630056ECE0 /* IP Inbound Watch Tests */,
				010FB6472FEBA0630056ECE0 /* IP Inbound Watch Watch UITests */,
				0172C0782FEC82A50034B332 /* Live Activity */,
				01FC853F2CF4639A00C9F053 /* Frameworks */,
				01ECF4B72CF3DF0D00BD0604 /* Products */,
			);
			sourceTree = "<group>";
		};
		01ECF4B72CF3DF0D00BD0604 /* Products */ = {
			isa = PBXGroup;
			children = (
				01ECF4B62CF3DF0D00BD0604 /* IP Inbound.app */,
				01ECF4C62CF3DF0F00BD0604 /* IP InboundTests.xctest */,
				01ECF4D02CF3DF0F00BD0604 /* IP InboundUITests.xctest */,
				016F3C1B2DC08E7A00F2A1AE /* Generate Screenshots.xctest */,
				010FB62E2FEBA0610056ECE0 /* IP Inbound Watch.app */,
				010FB63A2FEBA0630056ECE0 /* IP Inbound Watch Watch AppTests.xctest */,
				010FB6442FEBA0630056ECE0 /* IP Inbound Watch Watch AppUITests.xctest */,
				0172C0732FEC82A50034B332 /* Live ActivityExtension.appex */,
			);
			name = Products;
			sourceTree = "<group>";
		};
		01FC853F2CF4639A00C9F053 /* Frameworks */ = {
			isa = PBXGroup;
			children = (
				0172C0742FEC82A50034B332 /* WidgetKit.framework */,
				0172C0762FEC82A50034B332 /* SwiftUI.framework */,
			);
			name = Frameworks;
			sourceTree = "<group>";
		};
/* End PBXGroup section */

/* Begin PBXNativeTarget section */
		010FB62D2FEBA0610056ECE0 /* IP Inbound Watch */ = {
			isa = PBXNativeTarget;
			buildConfigurationList = 010FB64F2FEBA0640056ECE0 /* Build configuration list for PBXNativeTarget "IP Inbound Watch" */;
			buildPhases = (
				010FB62A2FEBA0610056ECE0 /* Sources */,
				010FB62B2FEBA0610056ECE0 /* Frameworks */,
				010FB62C2FEBA0610056ECE0 /* Resources */,
			);
			buildRules = (
			);
			fileSystemSynchronizedGroups = (
				010FB62F2FEBA0610056ECE0 /* IP Inbound Watch */,
				01DA7A5E2FEBA0610056ECE0 /* IP Inbound Shared */,
			);
			name = "IP Inbound Watch";
			packageProductDependencies = (
				B83449F701954CD31C4C6218 /* MeasurementKit */,
				8EC548C52BD942411AA402B6 /* MeasurementKitLocation */,
			);
			productName = "IP Inbound Watch Watch App";
			productReference = 010FB62E2FEBA0610056ECE0 /* IP Inbound Watch.app */;
			productType = "com.apple.product-type.application";
		};
		010FB6392FEBA0630056ECE0 /* IP Inbound Watch Watch AppTests */ = {
			isa = PBXNativeTarget;
			buildConfigurationList = 010FB6532FEBA0640056ECE0 /* Build configuration list for PBXNativeTarget "IP Inbound Watch Watch AppTests" */;
			buildPhases = (
				010FB6362FEBA0630056ECE0 /* Sources */,
				010FB6372FEBA0630056ECE0 /* Frameworks */,
				010FB6382FEBA0630056ECE0 /* Resources */,
			);
			buildRules = (
			);
			dependencies = (
				010FB63C2FEBA0630056ECE0 /* PBXTargetDependency */,
			);
			fileSystemSynchronizedGroups = (
				010FB63D2FEBA0630056ECE0 /* IP Inbound Watch Tests */,
			);
			name = "IP Inbound Watch Watch AppTests";
			packageProductDependencies = (
				52D2C667A9D8E475E50E4108 /* MeasurementKit */,
				767F98DBE5020FE2C1A1D4F6 /* MeasurementKitLocation */,
			);
			productName = "IP Inbound Watch Watch AppTests";
			productReference = 010FB63A2FEBA0630056ECE0 /* IP Inbound Watch Watch AppTests.xctest */;
			productType = "com.apple.product-type.bundle.unit-test";
		};
		010FB6432FEBA0630056ECE0 /* IP Inbound Watch Watch AppUITests */ = {
			isa = PBXNativeTarget;
			buildConfigurationList = 010FB6562FEBA0640056ECE0 /* Build configuration list for PBXNativeTarget "IP Inbound Watch Watch AppUITests" */;
			buildPhases = (
				010FB6402FEBA0630056ECE0 /* Sources */,
				010FB6412FEBA0630056ECE0 /* Frameworks */,
				010FB6422FEBA0630056ECE0 /* Resources */,
			);
			buildRules = (
			);
			dependencies = (
				010FB6462FEBA0630056ECE0 /* PBXTargetDependency */,
			);
			fileSystemSynchronizedGroups = (
				010FB6472FEBA0630056ECE0 /* IP Inbound Watch Watch UITests */,
			);
			name = "IP Inbound Watch Watch AppUITests";
			productName = "IP Inbound Watch Watch AppUITests";
			productReference = 010FB6442FEBA0630056ECE0 /* IP Inbound Watch Watch AppUITests.xctest */;
			productType = "com.apple.product-type.bundle.ui-testing";
		};
		016F3C1A2DC08E7A00F2A1AE /* Generate Screenshots */ = {
			isa = PBXNativeTarget;
			buildConfigurationList = 016F3C232DC08E7A00F2A1AE /* Build configuration list for PBXNativeTarget "Generate Screenshots" */;
			buildPhases = (
				016F3C172DC08E7A00F2A1AE /* Sources */,
				016F3C182DC08E7A00F2A1AE /* Frameworks */,
				016F3C192DC08E7A00F2A1AE /* Resources */,
			);
			buildRules = (
			);
			dependencies = (
				016F3C222DC08E7A00F2A1AE /* PBXTargetDependency */,
			);
			fileSystemSynchronizedGroups = (
				016F3C1C2DC08E7A00F2A1AE /* Generate Screenshots */,
			);
			name = "Generate Screenshots";
			packageProductDependencies = (
				01EB04172FCA2D0B007C3D1E /* XCUITestKit */,
			);
			productName = "Generate Screenshots";
			productReference = 016F3C1B2DC08E7A00F2A1AE /* Generate Screenshots.xctest */;
			productType = "com.apple.product-type.bundle.ui-testing";
		};
		0172C0722FEC82A50034B332 /* Live ActivityExtension */ = {
			isa = PBXNativeTarget;
			buildConfigurationList = 0172C0882FEC82A60034B332 /* Build configuration list for PBXNativeTarget "Live ActivityExtension" */;
			buildPhases = (
				0172C06F2FEC82A50034B332 /* Sources */,
				0172C0702FEC82A50034B332 /* Frameworks */,
				0172C0712FEC82A50034B332 /* Resources */,
			);
			buildRules = (
			);
			fileSystemSynchronizedGroups = (
				0172C0782FEC82A50034B332 /* Live Activity */,
			);
			name = "Live ActivityExtension";
			packageProductDependencies = (
				4538DB955AE06783DA1D19CB /* MeasurementKit */,
			);
			productName = "Live ActivityExtension";
			productReference = 0172C0732FEC82A50034B332 /* Live ActivityExtension.appex */;
			productType = "com.apple.product-type.app-extension";
		};
		01ECF4B52CF3DF0D00BD0604 /* IP Inbound */ = {
			isa = PBXNativeTarget;
			buildConfigurationList = 01ECF4DA2CF3DF0F00BD0604 /* Build configuration list for PBXNativeTarget "IP Inbound" */;
			buildPhases = (
				01ECF4B22CF3DF0D00BD0604 /* Sources */,
				01ECF4B32CF3DF0D00BD0604 /* Frameworks */,
				01ECF4B42CF3DF0D00BD0604 /* Resources */,
				010FB6522FEBA0640056ECE0 /* Embed Watch Content */,
				0172C0852FEC82A60034B332 /* Embed Foundation Extensions */,
				C8D493EE46664369A7D42761 /* Upload Debug Symbols to Sentry */,
			);
			buildRules = (
			);
			dependencies = (
				010FB64D2FEBA0640056ECE0 /* PBXTargetDependency */,
				0172C0832FEC82A60034B332 /* PBXTargetDependency */,
			);
			fileSystemSynchronizedGroups = (
				01DA7A5E2FEBA0610056ECE0 /* IP Inbound Shared */,
				01ECF4B82CF3DF0D00BD0604 /* IP Inbound */,
			);
			name = "IP Inbound";
			packageProductDependencies = (
				01ECF4F22CF3E2F800BD0604 /* Defaults */,
				01F13CF42DBEE074000E58A2 /* NIO */,
				01F13CF62DBEE074000E58A2 /* NIOPosix */,
				01F13CFD2DBEE65B000E58A2 /* Logging */,
				01C059A62DBF49C600D733C1 /* AsyncAlgorithms */,
				0166FA732DCA685800970EFD /* DefaultsMacros */,
				4E66068E9AFD4993959FE327 /* Sentry */,
				011479EC2F779D5F003AEBCC /* SwiftGeographic */,
				0FB064D238D0BF11C58B07F0 /* MeasurementKit */,
				82B3BDDD1791A1F0A898CD40 /* MeasurementKitLocation */,
				0A3F5C1E7B24D9E60F81AC36 /* MeasurementKitUI */,
			);
			productName = "IP Inbound";
			productReference = 01ECF4B62CF3DF0D00BD0604 /* IP Inbound.app */;
			productType = "com.apple.product-type.application";
		};
		01ECF4C52CF3DF0F00BD0604 /* IP InboundTests */ = {
			isa = PBXNativeTarget;
			buildConfigurationList = 01ECF4DD2CF3DF0F00BD0604 /* Build configuration list for PBXNativeTarget "IP InboundTests" */;
			buildPhases = (
				01ECF4C22CF3DF0F00BD0604 /* Sources */,
				01ECF4C32CF3DF0F00BD0604 /* Frameworks */,
				01ECF4C42CF3DF0F00BD0604 /* Resources */,
			);
			buildRules = (
			);
			dependencies = (
				01ECF4C82CF3DF0F00BD0604 /* PBXTargetDependency */,
			);
			fileSystemSynchronizedGroups = (
				01ECF4C92CF3DF0F00BD0604 /* IP InboundTests */,
			);
			name = "IP InboundTests";
			packageProductDependencies = (
				016F3ED12DD4F1E1006EEC6D /* Numerics */,
				C39CDA7F653FF59E91757A29 /* MeasurementKit */,
				47E80E982AE1E94EDDDA1BC7 /* MeasurementKitLocation */,
			);
			productName = "IP InboundTests";
			productReference = 01ECF4C62CF3DF0F00BD0604 /* IP InboundTests.xctest */;
			productType = "com.apple.product-type.bundle.unit-test";
		};
		01ECF4CF2CF3DF0F00BD0604 /* IP InboundUITests */ = {
			isa = PBXNativeTarget;
			buildConfigurationList = 01ECF4E02CF3DF0F00BD0604 /* Build configuration list for PBXNativeTarget "IP InboundUITests" */;
			buildPhases = (
				01ECF4CC2CF3DF0F00BD0604 /* Sources */,
				01ECF4CD2CF3DF0F00BD0604 /* Frameworks */,
				01ECF4CE2CF3DF0F00BD0604 /* Resources */,
			);
			buildRules = (
			);
			dependencies = (
				01ECF4D22CF3DF0F00BD0604 /* PBXTargetDependency */,
			);
			fileSystemSynchronizedGroups = (
				01ECF4D32CF3DF0F00BD0604 /* IP InboundUITests */,
			);
			name = "IP InboundUITests";
			packageProductDependencies = (
				0159221E2FCA2B28007FB6BB /* XCUITestKit */,
			);
			productName = "IP InboundUITests";
			productReference = 01ECF4D02CF3DF0F00BD0604 /* IP InboundUITests.xctest */;
			productType = "com.apple.product-type.bundle.ui-testing";
		};
/* End PBXNativeTarget section */

/* Begin PBXProject section */
		01ECF4AE2CF3DF0D00BD0604 /* Project object */ = {
			isa = PBXProject;
			attributes = {
				BuildIndependentTargetsInParallel = 1;
				LastSwiftUpdateCheck = 2650;
				LastUpgradeCheck = 2640;
				TargetAttributes = {
					010FB62D2FEBA0610056ECE0 = {
						CreatedOnToolsVersion = 26.5;
					};
					010FB6392FEBA0630056ECE0 = {
						CreatedOnToolsVersion = 26.5;
						TestTargetID = 010FB62D2FEBA0610056ECE0;
					};
					010FB6432FEBA0630056ECE0 = {
						CreatedOnToolsVersion = 26.5;
						TestTargetID = 010FB62D2FEBA0610056ECE0;
					};
					016F3C1A2DC08E7A00F2A1AE = {
						CreatedOnToolsVersion = 16.3;
						TestTargetID = 01ECF4B52CF3DF0D00BD0604;
					};
					0172C0722FEC82A50034B332 = {
						CreatedOnToolsVersion = 26.5;
					};
					01ECF4B52CF3DF0D00BD0604 = {
						CreatedOnToolsVersion = 16.1;
					};
					01ECF4C52CF3DF0F00BD0604 = {
						CreatedOnToolsVersion = 16.1;
						TestTargetID = 01ECF4B52CF3DF0D00BD0604;
					};
					01ECF4CF2CF3DF0F00BD0604 = {
						CreatedOnToolsVersion = 16.1;
						TestTargetID = 01ECF4B52CF3DF0D00BD0604;
					};
				};
			};
			buildConfigurationList = 01ECF4B12CF3DF0D00BD0604 /* Build configuration list for PBXProject "IP Inbound" */;
			developmentRegion = en;
			hasScannedForEncodings = 0;
			knownRegions = (
				en,
				Base,
			);
			mainGroup = 01ECF4AD2CF3DF0D00BD0604;
			minimizedProjectReferenceProxies = 1;
			packageReferences = (
				01ECF4F12CF3E2F800BD0604 /* XCRemoteSwiftPackageReference "Defaults" */,
				01F13CF32DBEE074000E58A2 /* XCRemoteSwiftPackageReference "swift-nio" */,
				01F13CFC2DBEE65B000E58A2 /* XCRemoteSwiftPackageReference "swift-log" */,
				01C059A52DBF49C600D733C1 /* XCRemoteSwiftPackageReference "swift-async-algorithms" */,
				016F3ED02DD4F1E1006EEC6D /* XCRemoteSwiftPackageReference "swift-numerics" */,
				F48BBB649D7A4A6387FBF73C /* XCRemoteSwiftPackageReference "sentry-cocoa" */,
				011479EB2F779D5F003AEBCC /* XCRemoteSwiftPackageReference "SwiftGeographic" */,
				0159221D2FCA2B28007FB6BB /* XCRemoteSwiftPackageReference "XCUITestKit" */,
				455EB96FD3C3DE444A131339 /* XCRemoteSwiftPackageReference "MeasurementKit" */,
			);
			preferredProjectObjectVersion = 100;
			productRefGroup = 01ECF4B72CF3DF0D00BD0604 /* Products */;
			projectDirPath = "";
			projectRoot = "";
			targets = (
				01ECF4B52CF3DF0D00BD0604 /* IP Inbound */,
				010FB62D2FEBA0610056ECE0 /* IP Inbound Watch */,
				0172C0722FEC82A50034B332 /* Live ActivityExtension */,
				01ECF4C52CF3DF0F00BD0604 /* IP InboundTests */,
				01ECF4CF2CF3DF0F00BD0604 /* IP InboundUITests */,
				016F3C1A2DC08E7A00F2A1AE /* Generate Screenshots */,
				010FB6392FEBA0630056ECE0 /* IP Inbound Watch Watch AppTests */,
				010FB6432FEBA0630056ECE0 /* IP Inbound Watch Watch AppUITests */,
			);
		};
/* End PBXProject section */

/* Begin PBXResourcesBuildPhase section */
		010FB62C2FEBA0610056ECE0 /* Resources */ = {
			isa = PBXResourcesBuildPhase;
			files = (
			);
		};
		010FB6382FEBA0630056ECE0 /* Resources */ = {
			isa = PBXResourcesBuildPhase;
			files = (
			);
		};
		010FB6422FEBA0630056ECE0 /* Resources */ = {
			isa = PBXResourcesBuildPhase;
			files = (
			);
		};
		016F3C192DC08E7A00F2A1AE /* Resources */ = {
			isa = PBXResourcesBuildPhase;
			files = (
			);
		};
		0172C0712FEC82A50034B332 /* Resources */ = {
			isa = PBXResourcesBuildPhase;
			files = (
			);
		};
		01ECF4B42CF3DF0D00BD0604 /* Resources */ = {
			isa = PBXResourcesBuildPhase;
			files = (
			);
		};
		01ECF4C42CF3DF0F00BD0604 /* Resources */ = {
			isa = PBXResourcesBuildPhase;
			files = (
			);
		};
		01ECF4CE2CF3DF0F00BD0604 /* Resources */ = {
			isa = PBXResourcesBuildPhase;
			files = (
			);
		};
/* End PBXResourcesBuildPhase section */

/* Begin PBXShellScriptBuildPhase section */
		C8D493EE46664369A7D42761 /* Upload Debug Symbols to Sentry */ = {
			isa = PBXShellScriptBuildPhase;
			alwaysOutOfDate = 1;
			inputPaths = (
				"${DWARF_DSYM_FOLDER_PATH}/${DWARF_DSYM_FILE_NAME}/Contents/Resources/DWARF/${TARGET_NAME}",
			);
			name = "Upload Debug Symbols to Sentry";
			runOnlyForDeploymentPostprocessing = 1;
			shellPath = /bin/sh;
			shellScript = (
				"# This script is responsible for uploading debug symbols and source context for Sentry.",
				"if [[ \"$(uname -m)\" == arm64 ]]; then",
				"  export PATH=\"/opt/homebrew/bin:$PATH\"",
				"fi",
				"",
				"if which sentry-cli >/dev/null; then",
				"  export SENTRY_ORG=timcodes",
				"  export SENTRY_PROJECT=ip-inbound",
				"  ERROR=$(sentry-cli debug-files upload --include-sources \"$DWARF_DSYM_FOLDER_PATH\" 2>&1 >/dev/null)",
				"  if [ ! $? -eq 0 ]; then",
				"    echo \"warning: sentry-cli - $ERROR\"",
				"  fi",
				"else",
				"  echo \"warning: sentry-cli not installed, download from https://github.com/getsentry/sentry-cli/releases\"",
				"fi",
				"",
				"",
			);
		};
/* End PBXShellScriptBuildPhase section */

/* Begin PBXSourcesBuildPhase section */
		010FB62A2FEBA0610056ECE0 /* Sources */ = {
			isa = PBXSourcesBuildPhase;
			files = (
			);
		};
		010FB6362FEBA0630056ECE0 /* Sources */ = {
			isa = PBXSourcesBuildPhase;
			files = (
			);
		};
		010FB6402FEBA0630056ECE0 /* Sources */ = {
			isa = PBXSourcesBuildPhase;
			files = (
			);
		};
		016F3C172DC08E7A00F2A1AE /* Sources */ = {
			isa = PBXSourcesBuildPhase;
			files = (
			);
		};
		0172C06F2FEC82A50034B332 /* Sources */ = {
			isa = PBXSourcesBuildPhase;
			files = (
			);
		};
		01ECF4B22CF3DF0D00BD0604 /* Sources */ = {
			isa = PBXSourcesBuildPhase;
			files = (
			);
		};
		01ECF4C22CF3DF0F00BD0604 /* Sources */ = {
			isa = PBXSourcesBuildPhase;
			files = (
			);
		};
		01ECF4CC2CF3DF0F00BD0604 /* Sources */ = {
			isa = PBXSourcesBuildPhase;
			files = (
			);
		};
/* End PBXSourcesBuildPhase section */

/* Begin PBXTargetDependency section */
		010FB63C2FEBA0630056ECE0 /* PBXTargetDependency */ = {
			isa = PBXTargetDependency;
			target = 010FB62D2FEBA0610056ECE0 /* IP Inbound Watch */;
			targetProxy = 010FB63B2FEBA0630056ECE0 /* PBXContainerItemProxy */;
		};
		010FB6462FEBA0630056ECE0 /* PBXTargetDependency */ = {
			isa = PBXTargetDependency;
			target = 010FB62D2FEBA0610056ECE0 /* IP Inbound Watch */;
			targetProxy = 010FB6452FEBA0630056ECE0 /* PBXContainerItemProxy */;
		};
		010FB64D2FEBA0640056ECE0 /* PBXTargetDependency */ = {
			isa = PBXTargetDependency;
			target = 010FB62D2FEBA0610056ECE0 /* IP Inbound Watch */;
			targetProxy = 010FB64C2FEBA0640056ECE0 /* PBXContainerItemProxy */;
		};
		016F3C222DC08E7A00F2A1AE /* PBXTargetDependency */ = {
			isa = PBXTargetDependency;
			target = 01ECF4B52CF3DF0D00BD0604 /* IP Inbound */;
			targetProxy = 016F3C212DC08E7A00F2A1AE /* PBXContainerItemProxy */;
		};
		0172C0832FEC82A60034B332 /* PBXTargetDependency */ = {
			isa = PBXTargetDependency;
			target = 0172C0722FEC82A50034B332 /* Live ActivityExtension */;
			targetProxy = 0172C0822FEC82A60034B332 /* PBXContainerItemProxy */;
		};
		01ECF4C82CF3DF0F00BD0604 /* PBXTargetDependency */ = {
			isa = PBXTargetDependency;
			target = 01ECF4B52CF3DF0D00BD0604 /* IP Inbound */;
			targetProxy = 01ECF4C72CF3DF0F00BD0604 /* PBXContainerItemProxy */;
		};
		01ECF4D22CF3DF0F00BD0604 /* PBXTargetDependency */ = {
			isa = PBXTargetDependency;
			target = 01ECF4B52CF3DF0D00BD0604 /* IP Inbound */;
			targetProxy = 01ECF4D12CF3DF0F00BD0604 /* PBXContainerItemProxy */;
		};
/* End PBXTargetDependency section */

/* Begin XCBuildConfiguration section */
		010FB6502FEBA0640056ECE0 /* Debug configuration for PBXNativeTarget "IP Inbound Watch" */ = {
			isa = XCBuildConfiguration;
			buildSettings = {
				ASSETCATALOG_COMPILER_APPICON_NAME = AppIcon;
				ASSETCATALOG_COMPILER_GLOBAL_ACCENT_COLOR_NAME = AccentColor;
				CODE_SIGN_STYLE = Automatic;
				CURRENT_PROJECT_VERSION = 11;
				DEVELOPMENT_TEAM = 2NFSK2WB24;
				ENABLE_PREVIEWS = YES;
				ENABLE_USER_SCRIPT_SANDBOXING = YES;
				GENERATE_INFOPLIST_FILE = YES;
				INFOPLIST_KEY_CFBundleDisplayName = "IP Inbound Watch";
				INFOPLIST_KEY_NSLocationWhenInUseUsageDescription = "IP Inbound needs to know your location in order to help you navigate to your target.";
				INFOPLIST_KEY_UISupportedInterfaceOrientations = "UIInterfaceOrientationPortrait UIInterfaceOrientationPortraitUpsideDown";
				INFOPLIST_KEY_WKCompanionAppBundleIdentifier = "codes.tim.IP-Inbound";
				LD_RUNPATH_SEARCH_PATHS = (
					"$(inherited)",
					"@executable_path/Frameworks",
				);
				MARKETING_VERSION = 2.0.2;
				PRODUCT_BUNDLE_IDENTIFIER = "codes.tim.IP-Inbound.watchkitapp";
				PRODUCT_NAME = "$(TARGET_NAME)";
				SDKROOT = watchos;
				SKIP_INSTALL = YES;
				STRING_CATALOG_GENERATE_SYMBOLS = YES;
				SWIFT_APPROACHABLE_CONCURRENCY = YES;
				SWIFT_EMIT_LOC_STRINGS = YES;
				TARGETED_DEVICE_FAMILY = 4;
			};
			name = Debug;
		};
		010FB6512FEBA0640056ECE0 /* Release configuration for PBXNativeTarget "IP Inbound Watch" */ = {
			isa = XCBuildConfiguration;
			buildSettings = {
				ASSETCATALOG_COMPILER_APPICON_NAME = AppIcon;
				ASSETCATALOG_COMPILER_GLOBAL_ACCENT_COLOR_NAME = AccentColor;
				CODE_SIGN_STYLE = Automatic;
				CURRENT_PROJECT_VERSION = 11;
				DEVELOPMENT_TEAM = 2NFSK2WB24;
				ENABLE_PREVIEWS = YES;
				ENABLE_USER_SCRIPT_SANDBOXING = YES;
				GENERATE_INFOPLIST_FILE = YES;
				INFOPLIST_KEY_CFBundleDisplayName = "IP Inbound Watch";
				INFOPLIST_KEY_NSLocationWhenInUseUsageDescription = "IP Inbound needs to know your location in order to help you navigate to your target.";
				INFOPLIST_KEY_UISupportedInterfaceOrientations = "UIInterfaceOrientationPortrait UIInterfaceOrientationPortraitUpsideDown";
				INFOPLIST_KEY_WKCompanionAppBundleIdentifier = "codes.tim.IP-Inbound";
				LD_RUNPATH_SEARCH_PATHS = (
					"$(inherited)",
					"@executable_path/Frameworks",
				);
				MARKETING_VERSION = 2.0.2;
				PRODUCT_BUNDLE_IDENTIFIER = "codes.tim.IP-Inbound.watchkitapp";
				PRODUCT_NAME = "$(TARGET_NAME)";
				SDKROOT = watchos;
				SKIP_INSTALL = YES;
				STRING_CATALOG_GENERATE_SYMBOLS = YES;
				SWIFT_APPROACHABLE_CONCURRENCY = YES;
				SWIFT_EMIT_LOC_STRINGS = YES;
				TARGETED_DEVICE_FAMILY = 4;
			};
			name = Release;
		};
		010FB6542FEBA0640056ECE0 /* Debug configuration for PBXNativeTarget "IP Inbound Watch Watch AppTests" */ = {
			isa = XCBuildConfiguration;
			buildSettings = {
				BUNDLE_LOADER = "$(TEST_HOST)";
				CODE_SIGN_STYLE = Automatic;
				CURRENT_PROJECT_VERSION = 1;
				DEVELOPMENT_TEAM = 2NFSK2WB24;
				ENABLE_USER_SCRIPT_SANDBOXING = YES;
				GENERATE_INFOPLIST_FILE = YES;
				MARKETING_VERSION = 1.0;
				PRODUCT_BUNDLE_IDENTIFIER = "codes.tim.IP-Inbound.IP-Inbound-Watch-Watch-AppTests";
				PRODUCT_NAME = "$(TARGET_NAME)";
				SDKROOT = watchos;
				STRING_CATALOG_GENERATE_SYMBOLS = NO;
				SWIFT_APPROACHABLE_CONCURRENCY = YES;
				SWIFT_EMIT_LOC_STRINGS = NO;
				TARGETED_DEVICE_FAMILY = 4;
				TEST_HOST = "$(BUILT_PRODUCTS_DIR)/IP Inbound Watch.app/$(BUNDLE_EXECUTABLE_FOLDER_PATH)/IP Inbound Watch";
			};
			name = Debug;
		};
		010FB6552FEBA0640056ECE0 /* Release configuration for PBXNativeTarget "IP Inbound Watch Watch AppTests" */ = {
			isa = XCBuildConfiguration;
			buildSettings = {
				BUNDLE_LOADER = "$(TEST_HOST)";
				CODE_SIGN_STYLE = Automatic;
				CURRENT_PROJECT_VERSION = 1;
				DEVELOPMENT_TEAM = 2NFSK2WB24;
				ENABLE_USER_SCRIPT_SANDBOXING = YES;
				GENERATE_INFOPLIST_FILE = YES;
				MARKETING_VERSION = 1.0;
				PRODUCT_BUNDLE_IDENTIFIER = "codes.tim.IP-Inbound.IP-Inbound-Watch-Watch-AppTests";
				PRODUCT_NAME = "$(TARGET_NAME)";
				SDKROOT = watchos;
				STRING_CATALOG_GENERATE_SYMBOLS = NO;
				SWIFT_APPROACHABLE_CONCURRENCY = YES;
				SWIFT_EMIT_LOC_STRINGS = NO;
				TARGETED_DEVICE_FAMILY = 4;
				TEST_HOST = "$(BUILT_PRODUCTS_DIR)/IP Inbound Watch.app/$(BUNDLE_EXECUTABLE_FOLDER_PATH)/IP Inbound Watch";
			};
			name = Release;
		};
		010FB6572FEBA0640056ECE0 /* Debug configuration for PBXNativeTarget "IP Inbound Watch Watch AppUITests" */ = {
			isa = XCBuildConfiguration;
			buildSettings = {
				CODE_SIGN_STYLE = Automatic;
				CURRENT_PROJECT_VERSION = 1;
				DEVELOPMENT_TEAM = 2NFSK2WB24;
				ENABLE_USER_SCRIPT_SANDBOXING = YES;
				GENERATE_INFOPLIST_FILE = YES;
				MARKETING_VERSION = 1.0;
				PRODUCT_BUNDLE_IDENTIFIER = "codes.tim.IP-Inbound.IP-Inbound-Watch-Watch-AppUITests";
				PRODUCT_NAME = "$(TARGET_NAME)";
				SDKROOT = watchos;
				STRING_CATALOG_GENERATE_SYMBOLS = NO;
				SWIFT_APPROACHABLE_CONCURRENCY = YES;
				SWIFT_DEFAULT_ACTOR_ISOLATION = MainActor;
				SWIFT_EMIT_LOC_STRINGS = NO;
				SWIFT_VERSION = 5.0;
				TARGETED_DEVICE_FAMILY = 4;
				TEST_TARGET_NAME = "IP Inbound Watch";
			};
			name = Debug;
		};
		010FB6582FEBA0640056ECE0 /* Release configuration for PBXNativeTarget "IP Inbound Watch Watch AppUITests" */ = {
			isa = XCBuildConfiguration;
			buildSettings = {
				CODE_SIGN_STYLE = Automatic;
				CURRENT_PROJECT_VERSION = 1;
				DEVELOPMENT_TEAM = 2NFSK2WB24;
				ENABLE_USER_SCRIPT_SANDBOXING = YES;
				GENERATE_INFOPLIST_FILE = YES;
				MARKETING_VERSION = 1.0;
				PRODUCT_BUNDLE_IDENTIFIER = "codes.tim.IP-Inbound.IP-Inbound-Watch-Watch-AppUITests";
				PRODUCT_NAME = "$(TARGET_NAME)";
				SDKROOT = watchos;
				STRING_CATALOG_GENERATE_SYMBOLS = NO;
				SWIFT_APPROACHABLE_CONCURRENCY = YES;
				SWIFT_DEFAULT_ACTOR_ISOLATION = MainActor;
				SWIFT_EMIT_LOC_STRINGS = NO;
				SWIFT_VERSION = 5.0;
				TARGETED_DEVICE_FAMILY = 4;
				TEST_TARGET_NAME = "IP Inbound Watch";
			};
			name = Release;
		};
		016F3C242DC08E7A00F2A1AE /* Debug configuration for PBXNativeTarget "Generate Screenshots" */ = {
			isa = XCBuildConfiguration;
			buildSettings = {
				ALLOW_TARGET_PLATFORM_SPECIALIZATION = YES;
				CODE_SIGN_STYLE = Automatic;
				CURRENT_PROJECT_VERSION = 1;
				DEVELOPMENT_TEAM = 2NFSK2WB24;
				GENERATE_INFOPLIST_FILE = YES;
				MARKETING_VERSION = 1.0;
				PRODUCT_BUNDLE_IDENTIFIER = "codes.tim.IP-Inbound.Generate-Screenshots";
				PRODUCT_NAME = "$(TARGET_NAME)";
				SWIFT_DEFAULT_ACTOR_ISOLATION = MainActor;
				SWIFT_EMIT_LOC_STRINGS = NO;
				SWIFT_VERSION = 5.0;
				TARGETED_DEVICE_FAMILY = "1,2";
				TEST_TARGET_NAME = "IP Inbound";
			};
			name = Debug;
		};
		016F3C252DC08E7A00F2A1AE /* Release configuration for PBXNativeTarget "Generate Screenshots" */ = {
			isa = XCBuildConfiguration;
			buildSettings = {
				ALLOW_TARGET_PLATFORM_SPECIALIZATION = YES;
				CODE_SIGN_STYLE = Automatic;
				CURRENT_PROJECT_VERSION = 1;
				DEVELOPMENT_TEAM = 2NFSK2WB24;
				GENERATE_INFOPLIST_FILE = YES;
				MARKETING_VERSION = 1.0;
				PRODUCT_BUNDLE_IDENTIFIER = "codes.tim.IP-Inbound.Generate-Screenshots";
				PRODUCT_NAME = "$(TARGET_NAME)";
				SWIFT_DEFAULT_ACTOR_ISOLATION = MainActor;
				SWIFT_EMIT_LOC_STRINGS = NO;
				SWIFT_VERSION = 5.0;
				TARGETED_DEVICE_FAMILY = "1,2";
				TEST_TARGET_NAME = "IP Inbound";
			};
			name = Release;
		};
		0172C0862FEC82A60034B332 /* Debug configuration for PBXNativeTarget "Live ActivityExtension" */ = {
			isa = XCBuildConfiguration;
			buildSettings = {
				ASSETCATALOG_COMPILER_GLOBAL_ACCENT_COLOR_NAME = AccentColor;
				ASSETCATALOG_COMPILER_WIDGET_BACKGROUND_COLOR_NAME = WidgetBackground;
				CODE_SIGN_STYLE = Automatic;
				CURRENT_PROJECT_VERSION = 11;
				ENABLE_USER_SCRIPT_SANDBOXING = YES;
				GENERATE_INFOPLIST_FILE = YES;
				INFOPLIST_FILE = "Live Activity/Info.plist";
				INFOPLIST_KEY_CFBundleDisplayName = "Live Activity";
				INFOPLIST_KEY_NSHumanReadableCopyright = "";
				IPHONEOS_DEPLOYMENT_TARGET = 26.5;
				LD_RUNPATH_SEARCH_PATHS = (
					"$(inherited)",
					"@executable_path/Frameworks",
					"@executable_path/../../Frameworks",
				);
				MARKETING_VERSION = 2.0.2;
				PRODUCT_BUNDLE_IDENTIFIER = "codes.tim.IP-Inbound.Live-Activity";
				PRODUCT_NAME = "$(TARGET_NAME)";
				SKIP_INSTALL = YES;
				STRING_CATALOG_GENERATE_SYMBOLS = YES;
				SWIFT_APPROACHABLE_CONCURRENCY = YES;
				SWIFT_EMIT_LOC_STRINGS = YES;
				SWIFT_UPCOMING_FEATURE_MEMBER_IMPORT_VISIBILITY = YES;
				SWIFT_VERSION = 5.0;
				TARGETED_DEVICE_FAMILY = "1,2";
			};
			name = Debug;
		};
		0172C0872FEC82A60034B332 /* Release configuration for PBXNativeTarget "Live ActivityExtension" */ = {
			isa = XCBuildConfiguration;
			buildSettings = {
				ASSETCATALOG_COMPILER_GLOBAL_ACCENT_COLOR_NAME = AccentColor;
				ASSETCATALOG_COMPILER_WIDGET_BACKGROUND_COLOR_NAME = WidgetBackground;
				CODE_SIGN_STYLE = Automatic;
				CURRENT_PROJECT_VERSION = 11;
				ENABLE_USER_SCRIPT_SANDBOXING = YES;
				GENERATE_INFOPLIST_FILE = YES;
				INFOPLIST_FILE = "Live Activity/Info.plist";
				INFOPLIST_KEY_CFBundleDisplayName = "Live Activity";
				INFOPLIST_KEY_NSHumanReadableCopyright = "";
				IPHONEOS_DEPLOYMENT_TARGET = 26.5;
				LD_RUNPATH_SEARCH_PATHS = (
					"$(inherited)",
					"@executable_path/Frameworks",
					"@executable_path/../../Frameworks",
				);
				MARKETING_VERSION = 2.0.2;
				PRODUCT_BUNDLE_IDENTIFIER = "codes.tim.IP-Inbound.Live-Activity";
				PRODUCT_NAME = "$(TARGET_NAME)";
				SKIP_INSTALL = YES;
				STRING_CATALOG_GENERATE_SYMBOLS = YES;
				SWIFT_APPROACHABLE_CONCURRENCY = YES;
				SWIFT_EMIT_LOC_STRINGS = YES;
				SWIFT_UPCOMING_FEATURE_MEMBER_IMPORT_VISIBILITY = YES;
				SWIFT_VERSION = 5.0;
				TARGETED_DEVICE_FAMILY = "1,2";
			};
			name = Release;
		};
		01ECF4D82CF3DF0F00BD0604 /* Debug configuration for PBXProject "IP Inbound" */ = {
			isa = XCBuildConfiguration;
			buildSettings = {
				ALWAYS_SEARCH_USER_PATHS = NO;
				ASSETCATALOG_COMPILER_GENERATE_SWIFT_ASSET_SYMBOL_EXTENSIONS = YES;
				CLANG_ANALYZER_NONNULL = YES;
				CLANG_ANALYZER_NUMBER_OBJECT_CONVERSION = YES_AGGRESSIVE;
				CLANG_CXX_LANGUAGE_STANDARD = "gnu++20";
				CLANG_ENABLE_MODULES = YES;
				CLANG_ENABLE_OBJC_ARC = YES;
				CLANG_ENABLE_OBJC_WEAK = YES;
				CLANG_WARN_BLOCK_CAPTURE_AUTORELEASING = YES;
				CLANG_WARN_BOOL_CONVERSION = YES;
				CLANG_WARN_COMMA = YES;
				CLANG_WARN_CONSTANT_CONVERSION = YES;
				CLANG_WARN_DEPRECATED_OBJC_IMPLEMENTATIONS = YES;
				CLANG_WARN_DIRECT_OBJC_ISA_USAGE = YES_ERROR;
				CLANG_WARN_DOCUMENTATION_COMMENTS = YES;
				CLANG_WARN_EMPTY_BODY = YES;
				CLANG_WARN_ENUM_CONVERSION = YES;
				CLANG_WARN_INFINITE_RECURSION = YES;
				CLANG_WARN_INT_CONVERSION = YES;
				CLANG_WARN_NON_LITERAL_NULL_CONVERSION = YES;
				CLANG_WARN_OBJC_IMPLICIT_RETAIN_SELF = YES;
				CLANG_WARN_OBJC_LITERAL_CONVERSION = YES;
				CLANG_WARN_OBJC_ROOT_CLASS = YES_ERROR;
				CLANG_WARN_QUOTED_INCLUDE_IN_FRAMEWORK_HEADER = YES;
				CLANG_WARN_RANGE_LOOP_ANALYSIS = YES;
				CLANG_WARN_STRICT_PROTOTYPES = YES;
				CLANG_WARN_SUSPICIOUS_MOVE = YES;
				CLANG_WARN_UNGUARDED_AVAILABILITY = YES_AGGRESSIVE;
				CLANG_WARN_UNREACHABLE_CODE = YES;
				CLANG_WARN__DUPLICATE_METHOD_MATCH = YES;
				COPY_PHASE_STRIP = NO;
				DEBUG_INFORMATION_FORMAT = dwarf;
				DEVELOPMENT_TEAM = 2NFSK2WB24;
				ENABLE_STRICT_OBJC_MSGSEND = YES;
				ENABLE_TESTABILITY = YES;
				GCC_C_LANGUAGE_STANDARD = gnu17;
				GCC_DYNAMIC_NO_PIC = NO;
				GCC_NO_COMMON_BLOCKS = YES;
				GCC_OPTIMIZATION_LEVEL = 0;
				GCC_PREPROCESSOR_DEFINITIONS = (
					"DEBUG=1",
					"$(inherited)",
				);
				GCC_WARN_64_TO_32_BIT_CONVERSION = YES;
				GCC_WARN_ABOUT_RETURN_TYPE = YES_ERROR;
				GCC_WARN_UNDECLARED_SELECTOR = YES;
				GCC_WARN_UNINITIALIZED_AUTOS = YES_AGGRESSIVE;
				GCC_WARN_UNUSED_FUNCTION = YES;
				GCC_WARN_UNUSED_VARIABLE = YES;
				IPHONEOS_DEPLOYMENT_TARGET = 26.0;
				LOCALIZATION_PREFERS_STRING_CATALOGS = YES;
				MTL_ENABLE_DEBUG_INFO = INCLUDE_SOURCE;
				MTL_FAST_MATH = YES;
				ONLY_ACTIVE_ARCH = YES;
				SDKROOT = iphoneos;
				STRING_CATALOG_GENERATE_SYMBOLS = YES;
				SWIFT_ACTIVE_COMPILATION_CONDITIONS = "DEBUG $(inherited)";
				SWIFT_APPROACHABLE_CONCURRENCY = YES;
				SWIFT_EMIT_LOC_STRINGS = YES;
				SWIFT_OPTIMIZATION_LEVEL = "-Onone";
				SWIFT_STRICT_CONCURRENCY = complete;
				SWIFT_VERSION = 6.3;
				WATCHOS_DEPLOYMENT_TARGET = 26.0;
			};
			name = Debug;
		};
		01ECF4D92CF3DF0F00BD0604 /* Release configuration for PBXProject "IP Inbound" */ = {
			isa = XCBuildConfiguration;
			buildSettings = {
				ALWAYS_SEARCH_USER_PATHS = NO;
				ASSETCATALOG_COMPILER_GENERATE_SWIFT_ASSET_SYMBOL_EXTENSIONS = YES;
				CLANG_ANALYZER_NONNULL = YES;
				CLANG_ANALYZER_NUMBER_OBJECT_CONVERSION = YES_AGGRESSIVE;
				CLANG_CXX_LANGUAGE_STANDARD = "gnu++20";
				CLANG_ENABLE_MODULES = YES;
				CLANG_ENABLE_OBJC_ARC = YES;
				CLANG_ENABLE_OBJC_WEAK = YES;
				CLANG_WARN_BLOCK_CAPTURE_AUTORELEASING = YES;
				CLANG_WARN_BOOL_CONVERSION = YES;
				CLANG_WARN_COMMA = YES;
				CLANG_WARN_CONSTANT_CONVERSION = YES;
				CLANG_WARN_DEPRECATED_OBJC_IMPLEMENTATIONS = YES;
				CLANG_WARN_DIRECT_OBJC_ISA_USAGE = YES_ERROR;
				CLANG_WARN_DOCUMENTATION_COMMENTS = YES;
				CLANG_WARN_EMPTY_BODY = YES;
				CLANG_WARN_ENUM_CONVERSION = YES;
				CLANG_WARN_INFINITE_RECURSION = YES;
				CLANG_WARN_INT_CONVERSION = YES;
				CLANG_WARN_NON_LITERAL_NULL_CONVERSION = YES;
				CLANG_WARN_OBJC_IMPLICIT_RETAIN_SELF = YES;
				CLANG_WARN_OBJC_LITERAL_CONVERSION = YES;
				CLANG_WARN_OBJC_ROOT_CLASS = YES_ERROR;
				CLANG_WARN_QUOTED_INCLUDE_IN_FRAMEWORK_HEADER = YES;
				CLANG_WARN_RANGE_LOOP_ANALYSIS = YES;
				CLANG_WARN_STRICT_PROTOTYPES = YES;
				CLANG_WARN_SUSPICIOUS_MOVE = YES;
				CLANG_WARN_UNGUARDED_AVAILABILITY = YES_AGGRESSIVE;
				CLANG_WARN_UNREACHABLE_CODE = YES;
				CLANG_WARN__DUPLICATE_METHOD_MATCH = YES;
				COPY_PHASE_STRIP = NO;
				DEBUG_INFORMATION_FORMAT = "dwarf-with-dsym";
				DEVELOPMENT_TEAM = 2NFSK2WB24;
				ENABLE_NS_ASSERTIONS = NO;
				ENABLE_STRICT_OBJC_MSGSEND = YES;
				GCC_C_LANGUAGE_STANDARD = gnu17;
				GCC_NO_COMMON_BLOCKS = YES;
				GCC_WARN_64_TO_32_BIT_CONVERSION = YES;
				GCC_WARN_ABOUT_RETURN_TYPE = YES_ERROR;
				GCC_WARN_UNDECLARED_SELECTOR = YES;
				GCC_WARN_UNINITIALIZED_AUTOS = YES_AGGRESSIVE;
				GCC_WARN_UNUSED_FUNCTION = YES;
				GCC_WARN_UNUSED_VARIABLE = YES;
				IPHONEOS_DEPLOYMENT_TARGET = 26.0;
				LOCALIZATION_PREFERS_STRING_CATALOGS = YES;
				MTL_ENABLE_DEBUG_INFO = NO;
				MTL_FAST_MATH = YES;
				SDKROOT = iphoneos;
				STRING_CATALOG_GENERATE_SYMBOLS = YES;
				SWIFT_APPROACHABLE_CONCURRENCY = YES;
				SWIFT_COMPILATION_MODE = wholemodule;
				SWIFT_EMIT_LOC_STRINGS = YES;
				SWIFT_STRICT_CONCURRENCY = complete;
				SWIFT_VERSION = 6.3;
				VALIDATE_PRODUCT = YES;
				WATCHOS_DEPLOYMENT_TARGET = 26.0;
			};
			name = Release;
		};
		01ECF4DB2CF3DF0F00BD0604 /* Debug configuration for PBXNativeTarget "IP Inbound" */ = {
			isa = XCBuildConfiguration;
			buildSettings = {
				ASSETCATALOG_COMPILER_APPICON_NAME = AppIcon;
				ASSETCATALOG_COMPILER_GLOBAL_ACCENT_COLOR_NAME = AccentColor;
				CODE_SIGN_ENTITLEMENTS = "IP Inbound/IP Inbound.entitlements";
				CODE_SIGN_STYLE = Automatic;
				CURRENT_PROJECT_VERSION = 11;
				DEBUG_INFORMATION_FORMAT = "dwarf-with-dsym";
				DEVELOPMENT_ASSET_PATHS = "\"IP Inbound/Preview Content\"";
				ENABLE_PREVIEWS = YES;
				ENABLE_USER_SCRIPT_SANDBOXING = NO;
				GENERATE_INFOPLIST_FILE = YES;
				INFOPLIST_KEY_ITSAppUsesNonExemptEncryption = NO;
				INFOPLIST_KEY_LSApplicationCategoryType = "public.app-category.utilities";
				INFOPLIST_KEY_NSSupportsLiveActivities = YES;
				INFOPLIST_KEY_UIApplicationSceneManifest_Generation = YES;
				INFOPLIST_KEY_UIApplicationSupportsIndirectInputEvents = YES;
				INFOPLIST_KEY_UIBackgroundModes = "remote-notification";
				INFOPLIST_KEY_UILaunchScreen_Generation = YES;
				INFOPLIST_KEY_UIRequiredDeviceCapabilities = "gps location-services";
				INFOPLIST_KEY_UISupportedInterfaceOrientations = UIInterfaceOrientationPortrait;
				INFOPLIST_KEY_UISupportedInterfaceOrientations_iPad = "UIInterfaceOrientationLandscapeLeft UIInterfaceOrientationLandscapeRight UIInterfaceOrientationPortrait UIInterfaceOrientationPortraitUpsideDown";
				LD_RUNPATH_SEARCH_PATHS = (
					"$(inherited)",
					"@executable_path/Frameworks",
				);
				MARKETING_VERSION = 2.0.2;
				PRODUCT_BUNDLE_IDENTIFIER = "codes.tim.IP-Inbound";
				PRODUCT_NAME = "$(TARGET_NAME)";
				SWIFT_EMIT_LOC_STRINGS = YES;
				TARGETED_DEVICE_FAMILY = "1,2";
			};
			name = Debug;
		};
		01ECF4DC2CF3DF0F00BD0604 /* Release configuration for PBXNativeTarget "IP Inbound" */ = {
			isa = XCBuildConfiguration;
			buildSettings = {
				ASSETCATALOG_COMPILER_APPICON_NAME = AppIcon;
				ASSETCATALOG_COMPILER_GLOBAL_ACCENT_COLOR_NAME = AccentColor;
				CODE_SIGN_ENTITLEMENTS = "IP Inbound/IP Inbound.entitlements";
				CODE_SIGN_STYLE = Automatic;
				CURRENT_PROJECT_VERSION = 11;
				DEBUG_INFORMATION_FORMAT = "dwarf-with-dsym";
				DEVELOPMENT_ASSET_PATHS = "\"IP Inbound/Preview Content\"";
				ENABLE_PREVIEWS = YES;
				ENABLE_USER_SCRIPT_SANDBOXING = NO;
				GENERATE_INFOPLIST_FILE = YES;
				INFOPLIST_KEY_ITSAppUsesNonExemptEncryption = NO;
				INFOPLIST_KEY_LSApplicationCategoryType = "public.app-category.utilities";
				INFOPLIST_KEY_NSSupportsLiveActivities = YES;
				INFOPLIST_KEY_UIApplicationSceneManifest_Generation = YES;
				INFOPLIST_KEY_UIApplicationSupportsIndirectInputEvents = YES;
				INFOPLIST_KEY_UIBackgroundModes = "remote-notification";
				INFOPLIST_KEY_UILaunchScreen_Generation = YES;
				INFOPLIST_KEY_UIRequiredDeviceCapabilities = "gps location-services";
				INFOPLIST_KEY_UISupportedInterfaceOrientations = UIInterfaceOrientationPortrait;
				INFOPLIST_KEY_UISupportedInterfaceOrientations_iPad = "UIInterfaceOrientationLandscapeLeft UIInterfaceOrientationLandscapeRight UIInterfaceOrientationPortrait UIInterfaceOrientationPortraitUpsideDown";
				LD_RUNPATH_SEARCH_PATHS = (
					"$(inherited)",
					"@executable_path/Frameworks",
				);
				MARKETING_VERSION = 2.0.2;
				PRODUCT_BUNDLE_IDENTIFIER = "codes.tim.IP-Inbound";
				PRODUCT_NAME = "$(TARGET_NAME)";
				SWIFT_EMIT_LOC_STRINGS = YES;
				TARGETED_DEVICE_FAMILY = "1,2";
			};
			name = Release;
		};
		01ECF4DE2CF3DF0F00BD0604 /* Debug configuration for PBXNativeTarget "IP InboundTests" */ = {
			isa = XCBuildConfiguration;
			buildSettings = {
				BUNDLE_LOADER = "$(TEST_HOST)";
				CODE_SIGN_STYLE = Automatic;
				CURRENT_PROJECT_VERSION = 1;
				GENERATE_INFOPLIST_FILE = YES;
				MARKETING_VERSION = 1.0;
				PRODUCT_BUNDLE_IDENTIFIER = "codes.tim.IP-InboundTests";
				PRODUCT_NAME = "$(TARGET_NAME)";
				SWIFT_EMIT_LOC_STRINGS = NO;
				TARGETED_DEVICE_FAMILY = "1,2";
				TEST_HOST = "$(BUILT_PRODUCTS_DIR)/IP Inbound.app/$(BUNDLE_EXECUTABLE_FOLDER_PATH)/IP Inbound";
			};
			name = Debug;
		};
		01ECF4DF2CF3DF0F00BD0604 /* Release configuration for PBXNativeTarget "IP InboundTests" */ = {
			isa = XCBuildConfiguration;
			buildSettings = {
				BUNDLE_LOADER = "$(TEST_HOST)";
				CODE_SIGN_STYLE = Automatic;
				CURRENT_PROJECT_VERSION = 1;
				GENERATE_INFOPLIST_FILE = YES;
				MARKETING_VERSION = 1.0;
				PRODUCT_BUNDLE_IDENTIFIER = "codes.tim.IP-InboundTests";
				PRODUCT_NAME = "$(TARGET_NAME)";
				SWIFT_EMIT_LOC_STRINGS = NO;
				TARGETED_DEVICE_FAMILY = "1,2";
				TEST_HOST = "$(BUILT_PRODUCTS_DIR)/IP Inbound.app/$(BUNDLE_EXECUTABLE_FOLDER_PATH)/IP Inbound";
			};
			name = Release;
		};
		01ECF4E12CF3DF0F00BD0604 /* Debug configuration for PBXNativeTarget "IP InboundUITests" */ = {
			isa = XCBuildConfiguration;
			buildSettings = {
				CODE_SIGN_STYLE = Automatic;
				CURRENT_PROJECT_VERSION = 1;
				GENERATE_INFOPLIST_FILE = YES;
				MARKETING_VERSION = 1.0;
				PRODUCT_BUNDLE_IDENTIFIER = "codes.tim.IP-InboundUITests";
				PRODUCT_NAME = "$(TARGET_NAME)";
				SWIFT_DEFAULT_ACTOR_ISOLATION = MainActor;
				SWIFT_EMIT_LOC_STRINGS = NO;
				SWIFT_VERSION = 5.0;
				TARGETED_DEVICE_FAMILY = "1,2";
				TEST_TARGET_NAME = "IP Inbound";
			};
			name = Debug;
		};
		01ECF4E22CF3DF0F00BD0604 /* Release configuration for PBXNativeTarget "IP InboundUITests" */ = {
			isa = XCBuildConfiguration;
			buildSettings = {
				CODE_SIGN_STYLE = Automatic;
				CURRENT_PROJECT_VERSION = 1;
				GENERATE_INFOPLIST_FILE = YES;
				MARKETING_VERSION = 1.0;
				PRODUCT_BUNDLE_IDENTIFIER = "codes.tim.IP-InboundUITests";
				PRODUCT_NAME = "$(TARGET_NAME)";
				SWIFT_DEFAULT_ACTOR_ISOLATION = MainActor;
				SWIFT_EMIT_LOC_STRINGS = NO;
				SWIFT_VERSION = 5.0;
				TARGETED_DEVICE_FAMILY = "1,2";
				TEST_TARGET_NAME = "IP Inbound";
			};
			name = Release;
		};
/* End XCBuildConfiguration section */

/* Begin XCConfigurationList section */
		010FB64F2FEBA0640056ECE0 /* Build configuration list for PBXNativeTarget "IP Inbound Watch" */ = {
			isa = XCConfigurationList;
			buildConfigurations = (
				010FB6502FEBA0640056ECE0 /* Debug configuration for PBXNativeTarget "IP Inbound Watch" */,
				010FB6512FEBA0640056ECE0 /* Release configuration for PBXNativeTarget "IP Inbound Watch" */,
			);
			defaultConfigurationName = Release;
		};
		010FB6532FEBA0640056ECE0 /* Build configuration list for PBXNativeTarget "IP Inbound Watch Watch AppTests" */ = {
			isa = XCConfigurationList;
			buildConfigurations = (
				010FB6542FEBA0640056ECE0 /* Debug configuration for PBXNativeTarget "IP Inbound Watch Watch AppTests" */,
				010FB6552FEBA0640056ECE0 /* Release configuration for PBXNativeTarget "IP Inbound Watch Watch AppTests" */,
			);
			defaultConfigurationName = Release;
		};
		010FB6562FEBA0640056ECE0 /* Build configuration list for PBXNativeTarget "IP Inbound Watch Watch AppUITests" */ = {
			isa = XCConfigurationList;
			buildConfigurations = (
				010FB6572FEBA0640056ECE0 /* Debug configuration for PBXNativeTarget "IP Inbound Watch Watch AppUITests" */,
				010FB6582FEBA0640056ECE0 /* Release configuration for PBXNativeTarget "IP Inbound Watch Watch AppUITests" */,
			);
			defaultConfigurationName = Release;
		};
		016F3C232DC08E7A00F2A1AE /* Build configuration list for PBXNativeTarget "Generate Screenshots" */ = {
			isa = XCConfigurationList;
			buildConfigurations = (
				016F3C242DC08E7A00F2A1AE /* Debug configuration for PBXNativeTarget "Generate Screenshots" */,
				016F3C252DC08E7A00F2A1AE /* Release configuration for PBXNativeTarget "Generate Screenshots" */,
			);
			defaultConfigurationName = Release;
		};
		0172C0882FEC82A60034B332 /* Build configuration list for PBXNativeTarget "Live ActivityExtension" */ = {
			isa = XCConfigurationList;
			buildConfigurations = (
				0172C0862FEC82A60034B332 /* Debug configuration for PBXNativeTarget "Live ActivityExtension" */,
				0172C0872FEC82A60034B332 /* Release configuration for PBXNativeTarget "Live ActivityExtension" */,
			);
			defaultConfigurationName = Release;
		};
		01ECF4B12CF3DF0D00BD0604 /* Build configuration list for PBXProject "IP Inbound" */ = {
			isa = XCConfigurationList;
			buildConfigurations = (
				01ECF4D82CF3DF0F00BD0604 /* Debug configuration for PBXProject "IP Inbound" */,
				01ECF4D92CF3DF0F00BD0604 /* Release configuration for PBXProject "IP Inbound" */,
			);
			defaultConfigurationName = Release;
		};
		01ECF4DA2CF3DF0F00BD0604 /* Build configuration list for PBXNativeTarget "IP Inbound" */ = {
			isa = XCConfigurationList;
			buildConfigurations = (
				01ECF4DB2CF3DF0F00BD0604 /* Debug configuration for PBXNativeTarget "IP Inbound" */,
				01ECF4DC2CF3DF0F00BD0604 /* Release configuration for PBXNativeTarget "IP Inbound" */,
			);
			defaultConfigurationName = Release;
		};
		01ECF4DD2CF3DF0F00BD0604 /* Build configuration list for PBXNativeTarget "IP InboundTests" */ = {
			isa = XCConfigurationList;
			buildConfigurations = (
				01ECF4DE2CF3DF0F00BD0604 /* Debug configuration for PBXNativeTarget "IP InboundTests" */,
				01ECF4DF2CF3DF0F00BD0604 /* Release configuration for PBXNativeTarget "IP InboundTests" */,
			);
			defaultConfigurationName = Release;
		};
		01ECF4E02CF3DF0F00BD0604 /* Build configuration list for PBXNativeTarget "IP InboundUITests" */ = {
			isa = XCConfigurationList;
			buildConfigurations = (
				01ECF4E12CF3DF0F00BD0604 /* Debug configuration for PBXNativeTarget "IP InboundUITests" */,
				01ECF4E22CF3DF0F00BD0604 /* Release configuration for PBXNativeTarget "IP InboundUITests" */,
			);
			defaultConfigurationName = Release;
		};
/* End XCConfigurationList section */

/* Begin XCRemoteSwiftPackageReference section */
		011479EB2F779D5F003AEBCC /* XCRemoteSwiftPackageReference "SwiftGeographic" */ = {
			isa = XCRemoteSwiftPackageReference;
			repositoryURL = "https://github.com/RISCfuture/SwiftGeographic";
			requirement = {
				kind = upToNextMajorVersion;
				minimumVersion = 1.0.1;
			};
		};
		0159221D2FCA2B28007FB6BB /* XCRemoteSwiftPackageReference "XCUITestKit" */ = {
			isa = XCRemoteSwiftPackageReference;
			repositoryURL = "https://github.com/RISCfuture/XCUITestKit";
			requirement = {
				branch = main;
				kind = branch;
			};
		};
		016F3ED02DD4F1E1006EEC6D /* XCRemoteSwiftPackageReference "swift-numerics" */ = {
			isa = XCRemoteSwiftPackageReference;
			repositoryURL = "https://github.com/apple/swift-numerics.git";
			requirement = {
				kind = upToNextMajorVersion;
				minimumVersion = 1.1.1;
			};
		};
		01C059A52DBF49C600D733C1 /* XCRemoteSwiftPackageReference "swift-async-algorithms" */ = {
			isa = XCRemoteSwiftPackageReference;
			repositoryURL = "https://github.com/apple/swift-async-algorithms.git";
			requirement = {
				kind = upToNextMajorVersion;
				minimumVersion = 1.1.5;
			};
		};
		01ECF4F12CF3E2F800BD0604 /* XCRemoteSwiftPackageReference "Defaults" */ = {
			isa = XCRemoteSwiftPackageReference;
			repositoryURL = "https://github.com/sindresorhus/Defaults";
			requirement = {
				kind = upToNextMajorVersion;
				minimumVersion = 9.0.9;
			};
		};
		01F13CF32DBEE074000E58A2 /* XCRemoteSwiftPackageReference "swift-nio" */ = {
			isa = XCRemoteSwiftPackageReference;
			repositoryURL = "https://github.com/apple/swift-nio.git";
			requirement = {
				kind = upToNextMajorVersion;
				minimumVersion = 2.101.2;
			};
		};
		01F13CFC2DBEE65B000E58A2 /* XCRemoteSwiftPackageReference "swift-log" */ = {
			isa = XCRemoteSwiftPackageReference;
			repositoryURL = "https://github.com/apple/swift-log.git";
			requirement = {
				kind = upToNextMajorVersion;
				minimumVersion = 1.14.0;
			};
		};
		455EB96FD3C3DE444A131339 /* XCRemoteSwiftPackageReference "MeasurementKit" */ = {
			isa = XCRemoteSwiftPackageReference;
			repositoryURL = "https://github.com/RISCfuture/MeasurementKit";
			requirement = {
				kind = upToNextMajorVersion;
				minimumVersion = 1.0.0;
			};
		};
		F48BBB649D7A4A6387FBF73C /* XCRemoteSwiftPackageReference "sentry-cocoa" */ = {
			isa = XCRemoteSwiftPackageReference;
			repositoryURL = "https://github.com/getsentry/sentry-cocoa/";
			requirement = {
				kind = upToNextMajorVersion;
				minimumVersion = 9.19.1;
			};
			traits = (
			);
		};
/* End XCRemoteSwiftPackageReference section */

/* Begin XCSwiftPackageProductDependency section */
		011479EC2F779D5F003AEBCC /* SwiftGeographic */ = {
			isa = XCSwiftPackageProductDependency;
			package = 011479EB2F779D5F003AEBCC /* XCRemoteSwiftPackageReference "SwiftGeographic" */;
			productName = SwiftGeographic;
		};
		0159221E2FCA2B28007FB6BB /* XCUITestKit */ = {
			isa = XCSwiftPackageProductDependency;
			package = 0159221D2FCA2B28007FB6BB /* XCRemoteSwiftPackageReference "XCUITestKit" */;
			productName = XCUITestKit;
		};
		0166FA732DCA685800970EFD /* DefaultsMacros */ = {
			isa = XCSwiftPackageProductDependency;
			package = 01ECF4F12CF3E2F800BD0604 /* XCRemoteSwiftPackageReference "Defaults" */;
			productName = DefaultsMacros;
		};
		016F3ED12DD4F1E1006EEC6D /* Numerics */ = {
			isa = XCSwiftPackageProductDependency;
			package = 016F3ED02DD4F1E1006EEC6D /* XCRemoteSwiftPackageReference "swift-numerics" */;
			productName = Numerics;
		};
		01C059A62DBF49C600D733C1 /* AsyncAlgorithms */ = {
			isa = XCSwiftPackageProductDependency;
			package = 01C059A52DBF49C600D733C1 /* XCRemoteSwiftPackageReference "swift-async-algorithms" */;
			productName = AsyncAlgorithms;
		};
		01EB04172FCA2D0B007C3D1E /* XCUITestKit */ = {
			isa = XCSwiftPackageProductDependency;
			package = 0159221D2FCA2B28007FB6BB /* XCRemoteSwiftPackageReference "XCUITestKit" */;
			productName = XCUITestKit;
		};
		01ECF4F22CF3E2F800BD0604 /* Defaults */ = {
			isa = XCSwiftPackageProductDependency;
			package = 01ECF4F12CF3E2F800BD0604 /* XCRemoteSwiftPackageReference "Defaults" */;
			productName = Defaults;
		};
		01F13CF42DBEE074000E58A2 /* NIO */ = {
			isa = XCSwiftPackageProductDependency;
			package = 01F13CF32DBEE074000E58A2 /* XCRemoteSwiftPackageReference "swift-nio" */;
			productName = NIO;
		};
		01F13CF62DBEE074000E58A2 /* NIOPosix */ = {
			isa = XCSwiftPackageProductDependency;
			package = 01F13CF32DBEE074000E58A2 /* XCRemoteSwiftPackageReference "swift-nio" */;
			productName = NIOPosix;
		};
		01F13CFD2DBEE65B000E58A2 /* Logging */ = {
			isa = XCSwiftPackageProductDependency;
			package = 01F13CFC2DBEE65B000E58A2 /* XCRemoteSwiftPackageReference "swift-log" */;
			productName = Logging;
		};
		0FB064D238D0BF11C58B07F0 /* MeasurementKit */ = {
			isa = XCSwiftPackageProductDependency;
			package = 455EB96FD3C3DE444A131339 /* XCRemoteSwiftPackageReference "MeasurementKit" */;
			productName = MeasurementKit;
		};
		0A3F5C1E7B24D9E60F81AC36 /* MeasurementKitUI */ = {
			isa = XCSwiftPackageProductDependency;
			package = 455EB96FD3C3DE444A131339 /* XCRemoteSwiftPackageReference "MeasurementKit" */;
			productName = MeasurementKitUI;
		};
		4538DB955AE06783DA1D19CB /* MeasurementKit */ = {
			isa = XCSwiftPackageProductDependency;
			package = 455EB96FD3C3DE444A131339 /* XCRemoteSwiftPackageReference "MeasurementKit" */;
			productName = MeasurementKit;
		};
		47E80E982AE1E94EDDDA1BC7 /* MeasurementKitLocation */ = {
			isa = XCSwiftPackageProductDependency;
			package = 455EB96FD3C3DE444A131339 /* XCRemoteSwiftPackageReference "MeasurementKit" */;
			productName = MeasurementKitLocation;
		};
		4E66068E9AFD4993959FE327 /* Sentry */ = {
			isa = XCSwiftPackageProductDependency;
			package = F48BBB649D7A4A6387FBF73C /* XCRemoteSwiftPackageReference "sentry-cocoa" */;
			productName = Sentry;
		};
		52D2C667A9D8E475E50E4108 /* MeasurementKit */ = {
			isa = XCSwiftPackageProductDependency;
			package = 455EB96FD3C3DE444A131339 /* XCRemoteSwiftPackageReference "MeasurementKit" */;
			productName = MeasurementKit;
		};
		767F98DBE5020FE2C1A1D4F6 /* MeasurementKitLocation */ = {
			isa = XCSwiftPackageProductDependency;
			package = 455EB96FD3C3DE444A131339 /* XCRemoteSwiftPackageReference "MeasurementKit" */;
			productName = MeasurementKitLocation;
		};
		82B3BDDD1791A1F0A898CD40 /* MeasurementKitLocation */ = {
			isa = XCSwiftPackageProductDependency;
			package = 455EB96FD3C3DE444A131339 /* XCRemoteSwiftPackageReference "MeasurementKit" */;
			productName = MeasurementKitLocation;
		};
		8EC548C52BD942411AA402B6 /* MeasurementKitLocation */ = {
			isa = XCSwiftPackageProductDependency;
			package = 455EB96FD3C3DE444A131339 /* XCRemoteSwiftPackageReference "MeasurementKit" */;
			productName = MeasurementKitLocation;
		};
		B83449F701954CD31C4C6218 /* MeasurementKit */ = {
			isa = XCSwiftPackageProductDependency;
			package = 455EB96FD3C3DE444A131339 /* XCRemoteSwiftPackageReference "MeasurementKit" */;
			productName = MeasurementKit;
		};
		C39CDA7F653FF59E91757A29 /* MeasurementKit */ = {
			isa = XCSwiftPackageProductDependency;
			package = 455EB96FD3C3DE444A131339 /* XCRemoteSwiftPackageReference "MeasurementKit" */;
			productName = MeasurementKit;
		};
/* End XCSwiftPackageProductDependency section */
	};
	rootObject = 01ECF4AE2CF3DF0D00BD0604 /* Project object */;
}
